// !$*UTF8*$!
{
	archiveVersion = 1;
	classes = {
	};
	objectVersion = 56;
	objects = {

/* Begin PBXBuildFile section */
		55347A5C296CE51E009801A7 /* SwiftCalApp.swift in Sources */ = {isa = PBXBuildFile; fileRef = 55347A5B296CE51E009801A7 /* SwiftCalApp.swift */; };
		55347A5E296CE51E009801A7 /* CalendarView.swift in Sources */ = {isa = PBXBuildFile; fileRef = 55347A5D296CE51E009801A7 /* CalendarView.swift */; };
		55347A60296CE51E009801A7 /* Assets.xcassets in Resources */ = {isa = PBXBuildFile; fileRef = 55347A5F296CE51E009801A7 /* Assets.xcassets */; };
		55347A63296CE51E009801A7 /* Preview Assets.xcassets in Resources */ = {isa = PBXBuildFile; fileRef = 55347A62296CE51E009801A7 /* Preview Assets.xcassets */; };
		55347A65296CE51E009801A7 /* Persistence.swift in Sources */ = {isa = PBXBuildFile; fileRef = 55347A64296CE51E009801A7 /* Persistence.swift */; };
		55347A68296CE51E009801A7 /* SwiftCal.xcdatamodeld in Sources */ = {isa = PBXBuildFile; fileRef = 55347A66296CE51E009801A7 /* SwiftCal.xcdatamodeld */; };
		55347A6F296F76BF009801A7 /* Date+Ext.swift in Sources */ = {isa = PBXBuildFile; fileRef = 55347A6E296F76BF009801A7 /* Date+Ext.swift */; };
		55347A71296FB2F7009801A7 /* StreakView.swift in Sources */ = {isa = PBXBuildFile; fileRef = 55347A70296FB2F7009801A7 /* StreakView.swift */; };
		55347A792970C400009801A7 /* WidgetKit.framework in Frameworks */ = {isa = PBXBuildFile; fileRef = 55347A782970C3FF009801A7 /* WidgetKit.framework */; };
		55347A7B2970C400009801A7 /* SwiftUI.framework in Frameworks */ = {isa = PBXBuildFile; fileRef = 55347A7A2970C400009801A7 /* SwiftUI.framework */; };
		55347A7E2970C400009801A7 /* SwiftCalWidgetBundle.swift in Sources */ = {isa = PBXBuildFile; fileRef = 55347A7D2970C400009801A7 /* SwiftCalWidgetBundle.swift */; };
		55347A802970C400009801A7 /* SwiftCalWidget.swift in Sources */ = {isa = PBXBuildFile; fileRef = 55347A7F2970C400009801A7 /* SwiftCalWidget.swift */; };
		55347A822970C402009801A7 /* Assets.xcassets in Resources */ = {isa = PBXBuildFile; fileRef = 55347A812970C402009801A7 /* Assets.xcassets */; };
		55347A862970C402009801A7 /* SwiftCalWidgetExtension.appex in Embed Foundation Extensions */ = {isa = PBXBuildFile; fileRef = 55347A762970C3FF009801A7 /* SwiftCalWidgetExtension.appex */; settings = {ATTRIBUTES = (RemoveHeadersOnCopy, ); }; };
		55347A8E2970D89F009801A7 /* CalendarHeaderView.swift in Sources */ = {isa = PBXBuildFile; fileRef = 55347A8D2970D89F009801A7 /* CalendarHeaderView.swift */; };
		55347A8F2970D89F009801A7 /* CalendarHeaderView.swift in Sources */ = {isa = PBXBuildFile; fileRef = 55347A8D2970D89F009801A7 /* CalendarHeaderView.swift */; };
		55347A9029720661009801A7 /* SwiftCal.xcdatamodeld in Sources */ = {isa = PBXBuildFile; fileRef = 55347A66296CE51E009801A7 /* SwiftCal.xcdatamodeld */; };
		55347A9129720783009801A7 /* Date+Ext.swift in Sources */ = {isa = PBXBuildFile; fileRef = 55347A6E296F76BF009801A7 /* Date+Ext.swift */; };
		55347A922972080D009801A7 /* Persistence.swift in Sources */ = {isa = PBXBuildFile; fileRef = 55347A64296CE51E009801A7 /* Persistence.swift */; };
/* End PBXBuildFile section */

/* Begin PBXContainerItemProxy section */
		55347A842970C402009801A7 /* PBXContainerItemProxy */ = {
			isa = PBXContainerItemProxy;
			containerPortal = 55347A50296CE51D009801A7 /* Project object */;
			proxyType = 1;
			remoteGlobalIDString = 55347A752970C3FF009801A7;
			remoteInfo = SwiftCalWidgetExtension;
		};
/* End PBXContainerItemProxy section */

/* Begin PBXCopyFilesBuildPhase section */
		55347A8A2970C402009801A7 /* Embed Foundation Extensions */ = {
			isa = PBXCopyFilesBuildPhase;
			buildActionMask = 2147483647;
			dstPath = "";
			dstSubfolderSpec = 13;
			files = (
				55347A862970C402009801A7 /* SwiftCalWidgetExtension.appex in Embed Foundation Extensions */,
			);
			name = "Embed Foundation Extensions";
			runOnlyForDeploymentPostprocessing = 0;
		};
/* End PBXCopyFilesBuildPhase section */

/* Begin PBXFileReference section */
		55347A58296CE51E009801A7 /* SwiftCal.app */ = {isa = PBXFileReference; explicitFileType = wrapper.application; includeInIndex = 0; path = SwiftCal.app; sourceTree = BUILT_PRODUCTS_DIR; };
		55347A5B296CE51E009801A7 /* SwiftCalApp.swift */ = {isa = PBXFileReference; lastKnownFileType = sourcecode.swift; path = SwiftCalApp.swift; sourceTree = "<group>"; };
		55347A5D296CE51E009801A7 /* CalendarView.swift */ = {isa = PBXFileReference; lastKnownFileType = sourcecode.swift; path = CalendarView.swift; sourceTree = "<group>"; };
		55347A5F296CE51E009801A7 /* Assets.xcassets */ = {isa = PBXFileReference; lastKnownFileType = folder.assetcatalog; path = Assets.xcassets; sourceTree = "<group>"; };
		55347A62296CE51E009801A7 /* Preview Assets.xcassets */ = {isa = PBXFileReference; lastKnownFileType = folder.assetcatalog; path = "Preview Assets.xcassets"; sourceTree = "<group>"; };
		55347A64296CE51E009801A7 /* Persistence.swift */ = {isa = PBXFileReference; lastKnownFileType = sourcecode.swift; path = Persistence.swift; sourceTree = "<group>"; };
		55347A67296CE51E009801A7 /* SwiftCal.xcdatamodel */ = {isa = PBXFileReference; lastKnownFileType = wrapper.xcdatamodel; path = SwiftCal.xcdatamodel; sourceTree = "<group>"; };
		55347A6E296F76BF009801A7 /* Date+Ext.swift */ = {isa = PBXFileReference; lastKnownFileType = sourcecode.swift; path = "Date+Ext.swift"; sourceTree = "<group>"; };
		55347A70296FB2F7009801A7 /* StreakView.swift */ = {isa = PBXFileReference; lastKnownFileType = sourcecode.swift; path = StreakView.swift; sourceTree = "<group>"; };
		55347A762970C3FF009801A7 /* SwiftCalWidgetExtension.appex */ = {isa = PBXFileReference; explicitFileType = "wrapper.app-extension"; includeInIndex = 0; path = SwiftCalWidgetExtension.appex; sourceTree = BUILT_PRODUCTS_DIR; };
		55347A782970C3FF009801A7 /* WidgetKit.framework */ = {isa = PBXFileReference; lastKnownFileType = wrapper.framework; name = WidgetKit.framework; path = System/Library/Frameworks/WidgetKit.framework; sourceTree = SDKROOT; };
		55347A7A2970C400009801A7 /* SwiftUI.framework */ = {isa = PBXFileReference; lastKnownFileType = wrapper.framework; name = SwiftUI.framework; path = System/Library/Frameworks/SwiftUI.framework; sourceTree = SDKROOT; };
		55347A7D2970C400009801A7 /* SwiftCalWidgetBundle.swift */ = {isa = PBXFileReference; lastKnownFileType = sourcecode.swift; path = SwiftCalWidgetBundle.swift; sourceTree = "<group>"; };
		55347A7F2970C400009801A7 /* SwiftCalWidget.swift */ = {isa = PBXFileReference; lastKnownFileType = sourcecode.swift; path = SwiftCalWidget.swift; sourceTree = "<group>"; };
		55347A812970C402009801A7 /* Assets.xcassets */ = {isa = PBXFileReference; lastKnownFileType = folder.assetcatalog; path = Assets.xcassets; sourceTree = "<group>"; };
		55347A832970C402009801A7 /* Info.plist */ = {isa = PBXFileReference; lastKnownFileType = text.plist.xml; path = Info.plist; sourceTree = "<group>"; };
		55347A8B2970C45C009801A7 /* SwiftCal.entitlements */ = {isa = PBXFileReference; lastKnownFileType = text.plist.entitlements; path = SwiftCal.entitlements; sourceTree = "<group>"; };
		55347A8C2970C4B0009801A7 /* SwiftCalWidgetExtension.entitlements */ = {isa = PBXFileReference; lastKnownFileType = text.plist.entitlements; path = SwiftCalWidgetExtension.entitlements; sourceTree = "<group>"; };
		55347A8D2970D89F009801A7 /* CalendarHeaderView.swift */ = {isa = PBXFileReference; lastKnownFileType = sourcecode.swift; path = CalendarHeaderView.swift; sourceTree = "<group>"; };
/* End PBXFileReference section */

/* Begin PBXFrameworksBuildPhase section */
		55347A55296CE51E009801A7 /* Frameworks */ = {
			isa = PBXFrameworksBuildPhase;
			buildActionMask = 2147483647;
			files = (
			);
			runOnlyForDeploymentPostprocessing = 0;
		};
		55347A732970C3FF009801A7 /* Frameworks */ = {
			isa = PBXFrameworksBuildPhase;
			buildActionMask = 2147483647;
			files = (
				55347A7B2970C400009801A7 /* SwiftUI.framework in Frameworks */,
				55347A792970C400009801A7 /* WidgetKit.framework in Frameworks */,
			);
			runOnlyForDeploymentPostprocessing = 0;
		};
/* End PBXFrameworksBuildPhase section */

/* Begin PBXGroup section */
		55347A4F296CE51D009801A7 = {
			isa = PBXGroup;
			children = (
				55347A8C2970C4B0009801A7 /* SwiftCalWidgetExtension.entitlements */,
				55347A5A296CE51E009801A7 /* SwiftCal */,
				55347A7C2970C400009801A7 /* SwiftCalWidget */,
				55347A772970C3FF009801A7 /* Frameworks */,
				55347A59296CE51E009801A7 /* Products */,
			);
			sourceTree = "<group>";
		};
		55347A59296CE51E009801A7 /* Products */ = {
			isa = PBXGroup;
			children = (
				55347A58296CE51E009801A7 /* SwiftCal.app */,
				55347A762970C3FF009801A7 /* SwiftCalWidgetExtension.appex */,
			);
			name = Products;
			sourceTree = "<group>";
		};
		55347A5A296CE51E009801A7 /* SwiftCal */ = {
			isa = PBXGroup;
			children = (
				55347A8B2970C45C009801A7 /* SwiftCal.entitlements */,
				55347A5B296CE51E009801A7 /* SwiftCalApp.swift */,
				55347A5D296CE51E009801A7 /* CalendarView.swift */,
				55347A70296FB2F7009801A7 /* StreakView.swift */,
				55347A6E296F76BF009801A7 /* Date+Ext.swift */,
				55347A5F296CE51E009801A7 /* Assets.xcassets */,
				55347A64296CE51E009801A7 /* Persistence.swift */,
				55347A66296CE51E009801A7 /* SwiftCal.xcdatamodeld */,
				55347A61296CE51E009801A7 /* Preview Content */,
			);
			path = SwiftCal;
			sourceTree = "<group>";
		};
		55347A61296CE51E009801A7 /* Preview Content */ = {
			isa = PBXGroup;
			children = (
				55347A62296CE51E009801A7 /* Preview Assets.xcassets */,
			);
			path = "Preview Content";
			sourceTree = "<group>";
		};
		55347A772970C3FF009801A7 /* Frameworks */ = {
			isa = PBXGroup;
			children = (
				55347A782970C3FF009801A7 /* WidgetKit.framework */,
				55347A7A2970C400009801A7 /* SwiftUI.framework */,
			);
			name = Frameworks;
			sourceTree = "<group>";
		};
		55347A7C2970C400009801A7 /* SwiftCalWidget */ = {
			isa = PBXGroup;
			children = (
				55347A7D2970C400009801A7 /* SwiftCalWidgetBundle.swift */,
				55347A7F2970C400009801A7 /* SwiftCalWidget.swift */,
				55347A8D2970D89F009801A7 /* CalendarHeaderView.swift */,
				55347A812970C402009801A7 /* Assets.xcassets */,
				55347A832970C402009801A7 /* Info.plist */,
			);
			path = SwiftCalWidget;
			sourceTree = "<group>";
		};
/* End PBXGroup section */

/* Begin PBXNativeTarget section */
		55347A57296CE51E009801A7 /* SwiftCal */ = {
			isa = PBXNativeTarget;
			buildConfigurationList = 55347A6B296CE51E009801A7 /* Build configuration list for PBXNativeTarget "SwiftCal" */;
			buildPhases = (
				55347A54296CE51E009801A7 /* Sources */,
				55347A55296CE51E009801A7 /* Frameworks */,
				55347A56296CE51E009801A7 /* Resources */,
				55347A8A2970C402009801A7 /* Embed Foundation Extensions */,
			);
			buildRules = (
			);
			dependencies = (
				55347A852970C402009801A7 /* PBXTargetDependency */,
			);
			name = SwiftCal;
			productName = SwiftCal;
			productReference = 55347A58296CE51E009801A7 /* SwiftCal.app */;
			productType = "com.apple.product-type.application";
		};
		55347A752970C3FF009801A7 /* SwiftCalWidgetExtension */ = {
			isa = PBXNativeTarget;
			buildConfigurationList = 55347A872970C402009801A7 /* Build configuration list for PBXNativeTarget "SwiftCalWidgetExtension" */;
			buildPhases = (
				55347A722970C3FF009801A7 /* Sources */,
				55347A732970C3FF009801A7 /* Frameworks */,
				55347A742970C3FF009801A7 /* Resources */,
			);
			buildRules = (
			);
			dependencies = (
			);
			name = SwiftCalWidgetExtension;
			productName = SwiftCalWidgetExtension;
			productReference = 55347A762970C3FF009801A7 /* SwiftCalWidgetExtension.appex */;
			productType = "com.apple.product-type.app-extension";
		};
/* End PBXNativeTarget section */

/* Begin PBXProject section */
		55347A50296CE51D009801A7 /* Project object */ = {
			isa = PBXProject;
			attributes = {
				BuildIndependentTargetsInParallel = 1;
				LastSwiftUpdateCheck = 1420;
				LastUpgradeCheck = 1420;
				TargetAttributes = {
					55347A57296CE51E009801A7 = {
						CreatedOnToolsVersion = 14.2;
					};
					55347A752970C3FF009801A7 = {
						CreatedOnToolsVersion = 14.2;
					};
				};
			};
			buildConfigurationList = 55347A53296CE51D009801A7 /* Build configuration list for PBXProject "SwiftCal" */;
			compatibilityVersion = "Xcode 14.0";
			developmentRegion = en;
			hasScannedForEncodings = 0;
			knownRegions = (
				en,
				Base,
			);
			mainGroup = 55347A4F296CE51D009801A7;
			productRefGroup = 55347A59296CE51E009801A7 /* Products */;
			projectDirPath = "";
			projectRoot = "";
			targets = (
				55347A57296CE51E009801A7 /* SwiftCal */,
				55347A752970C3FF009801A7 /* SwiftCalWidgetExtension */,
			);
		};
/* End PBXProject section */

/* Begin PBXResourcesBuildPhase section */
		55347A56296CE51E009801A7 /* Resources */ = {
			isa = PBXResourcesBuildPhase;
			buildActionMask = 2147483647;
			files = (
				55347A63296CE51E009801A7 /* Preview Assets.xcassets in Resources */,
				55347A60296CE51E009801A7 /* Assets.xcassets in Resources */,
			);
			runOnlyForDeploymentPostprocessing = 0;
		};
		55347A742970C3FF009801A7 /* Resources */ = {
			isa = PBXResourcesBuildPhase;
			buildActionMask = 2147483647;
			files = (
				55347A822970C402009801A7 /* Assets.xcassets in Resources */,
			);
			runOnlyForDeploymentPostprocessing = 0;
		};
/* End PBXResourcesBuildPhase section */

/* Begin PBXSourcesBuildPhase section */
		55347A54296CE51E009801A7 /* Sources */ = {
			isa = PBXSourcesBuildPhase;
			buildActionMask = 2147483647;
			files = (
				55347A71296FB2F7009801A7 /* StreakView.swift in Sources */,
				55347A65296CE51E009801A7 /* Persistence.swift in Sources */,
				55347A8E2970D89F009801A7 /* CalendarHeaderView.swift in Sources */,
				55347A5E296CE51E009801A7 /* CalendarView.swift in Sources */,
				55347A68296CE51E009801A7 /* SwiftCal.xcdatamodeld in Sources */,
				55347A5C296CE51E009801A7 /* SwiftCalApp.swift in Sources */,
				55347A6F296F76BF009801A7 /* Date+Ext.swift in Sources */,
			);
			runOnlyForDeploymentPostprocessing = 0;
		};
		55347A722970C3FF009801A7 /* Sources */ = {
			isa = PBXSourcesBuildPhase;
			buildActionMask = 2147483647;
			files = (
				55347A802970C400009801A7 /* SwiftCalWidget.swift in Sources */,
				55347A8F2970D89F009801A7 /* CalendarHeaderView.swift in Sources */,
				55347A9029720661009801A7 /* SwiftCal.xcdatamodeld in Sources */,
				55347A922972080D009801A7 /* Persistence.swift in Sources */,
				55347A7E2970C400009801A7 /* SwiftCalWidgetBundle.swift in Sources */,
				55347A9129720783009801A7 /* Date+Ext.swift in Sources */,
			);
			runOnlyForDeploymentPostprocessing = 0;
		};
/* End PBXSourcesBuildPhase section */

/* Begin PBXTargetDependency section */
		55347A852970C402009801A7 /* PBXTargetDependency */ = {
			isa = PBXTargetDependency;
			target = 55347A752970C3FF009801A7 /* SwiftCalWidgetExtension */;
			targetProxy = 55347A842970C402009801A7 /* PBXContainerItemProxy */;
		};
/* End PBXTargetDependency section */

/* Begin XCBuildConfiguration section */
		55347A69296CE51E009801A7 /* Debug */ = {
			isa = XCBuildConfiguration;
			buildSettings = {
				ALWAYS_SEARCH_USER_PATHS = NO;
				CLANG_ANALYZER_NONNULL = YES;
				CLANG_ANALYZER_NUMBER_OBJECT_CONVERSION = YES_AGGRESSIVE;
				CLANG_CXX_LANGUAGE_STANDARD = "gnu++20";
				CLANG_ENABLE_MODULES = YES;
				CLANG_ENABLE_OBJC_ARC = YES;
				CLANG_ENABLE_OBJC_WEAK = YES;
				CLANG_WARN_BLOCK_CAPTURE_AUTORELEASING = YES;
				CLANG_WARN_BOOL_CONVERSION = YES;
				CLANG_WARN_COMMA = YES;
				CLANG_WARN_CONSTANT_CONVERSION = YES;
				CLANG_WARN_DEPRECATED_OBJC_IMPLEMENTATIONS = YES;
				CLANG_WARN_DIRECT_OBJC_ISA_USAGE = YES_ERROR;
				CLANG_WARN_DOCUMENTATION_COMMENTS = YES;
				CLANG_WARN_EMPTY_BODY = YES;
				CLANG_WARN_ENUM_CONVERSION = YES;
				CLANG_WARN_INFINITE_RECURSION = YES;
				CLANG_WARN_INT_CONVERSION = YES;
				CLANG_WARN_NON_LITERAL_NULL_CONVERSION = YES;
				CLANG_WARN_OBJC_IMPLICIT_RETAIN_SELF = YES;
				CLANG_WARN_OBJC_LITERAL_CONVERSION = YES;
				CLANG_WARN_OBJC_ROOT_CLASS = YES_ERROR;
				CLANG_WARN_QUOTED_INCLUDE_IN_FRAMEWORK_HEADER = YES;
				CLANG_WARN_RANGE_LOOP_ANALYSIS = YES;
				CLANG_WARN_STRICT_PROTOTYPES = YES;
				CLANG_WARN_SUSPICIOUS_MOVE = YES;
				CLANG_WARN_UNGUARDED_AVAILABILITY = YES_AGGRESSIVE;
				CLANG_WARN_UNREACHABLE_CODE = YES;
				CLANG_WARN__DUPLICATE_METHOD_MATCH = YES;
				COPY_PHASE_STRIP = NO;
				DEBUG_INFORMATION_FORMAT = dwarf;
				ENABLE_STRICT_OBJC_MSGSEND = YES;
				ENABLE_TESTABILITY = YES;
				GCC_C_LANGUAGE_STANDARD = gnu11;
				GCC_DYNAMIC_NO_PIC = NO;
				GCC_NO_COMMON_BLOCKS = YES;
				GCC_OPTIMIZATION_LEVEL = 0;
				GCC_PREPROCESSOR_DEFINITIONS = (
					"DEBUG=1",
					"$(inherited)",
				);
				GCC_WARN_64_TO_32_BIT_CONVERSION = YES;
				GCC_WARN_ABOUT_RETURN_TYPE = YES_ERROR;
				GCC_WARN_UNDECLARED_SELECTOR = YES;
				GCC_WARN_UNINITIALIZED_AUTOS = YES_AGGRESSIVE;
				GCC_WARN_UNUSED_FUNCTION = YES;
				GCC_WARN_UNUSED_VARIABLE = YES;
				IPHONEOS_DEPLOYMENT_TARGET = 16.2;
				MTL_ENABLE_DEBUG_INFO = INCLUDE_SOURCE;
				MTL_FAST_MATH = YES;
				ONLY_ACTIVE_ARCH = YES;
				SDKROOT = iphoneos;
				SWIFT_ACTIVE_COMPILATION_CONDITIONS = DEBUG;
				SWIFT_OPTIMIZATION_LEVEL = "-Onone";
			};
			name = Debug;
		};
		55347A6A296CE51E009801A7 /* Release */ = {
			isa = XCBuildConfiguration;
			buildSettings = {
				ALWAYS_SEARCH_USER_PATHS = NO;
				CLANG_ANALYZER_NONNULL = YES;
				CLANG_ANALYZER_NUMBER_OBJECT_CONVERSION = YES_AGGRESSIVE;
				CLANG_CXX_LANGUAGE_STANDARD = "gnu++20";
				CLANG_ENABLE_MODULES = YES;
				CLANG_ENABLE_OBJC_ARC = YES;
				CLANG_ENABLE_OBJC_WEAK = YES;
				CLANG_WARN_BLOCK_CAPTURE_AUTORELEASING = YES;
				CLANG_WARN_BOOL_CONVERSION = YES;
				CLANG_WARN_COMMA = YES;
				CLANG_WARN_CONSTANT_CONVERSION = YES;
				CLANG_WARN_DEPRECATED_OBJC_IMPLEMENTATIONS = YES;
				CLANG_WARN_DIRECT_OBJC_ISA_USAGE = YES_ERROR;
				CLANG_WARN_DOCUMENTATION_COMMENTS = YES;
				CLANG_WARN_EMPTY_BODY = YES;
				CLANG_WARN_ENUM_CONVERSION = YES;
				CLANG_WARN_INFINITE_RECURSION = YES;
				CLANG_WARN_INT_CONVERSION = YES;
				CLANG_WARN_NON_LITERAL_NULL_CONVERSION = YES;
				CLANG_WARN_OBJC_IMPLICIT_RETAIN_SELF = YES;
				CLANG_WARN_OBJC_LITERAL_CONVERSION = YES;
				CLANG_WARN_OBJC_ROOT_CLASS = YES_ERROR;
				CLANG_WARN_QUOTED_INCLUDE_IN_FRAMEWORK_HEADER = YES;
				CLANG_WARN_RANGE_LOOP_ANALYSIS = YES;
				CLANG_WARN_STRICT_PROTOTYPES = YES;
				CLANG_WARN_SUSPICIOUS_MOVE = YES;
				CLANG_WARN_UNGUARDED_AVAILABILITY = YES_AGGRESSIVE;
				CLANG_WARN_UNREACHABLE_CODE = YES;
				CLANG_WARN__DUPLICATE_METHOD_MATCH = YES;
				COPY_PHASE_STRIP = NO;
				DEBUG_INFORMATION_FORMAT = "dwarf-with-dsym";
				ENABLE_NS_ASSERTIONS = NO;
				ENABLE_STRICT_OBJC_MSGSEND = YES;
				GCC_C_LANGUAGE_STANDARD = gnu11;
				GCC_NO_COMMON_BLOCKS = YES;
				GCC_WARN_64_TO_32_BIT_CONVERSION = YES;
				GCC_WARN_ABOUT_RETURN_TYPE = YES_ERROR;
				GCC_WARN_UNDECLARED_SELECTOR = YES;
				GCC_WARN_UNINITIALIZED_AUTOS = YES_AGGRESSIVE;
				GCC_WARN_UNUSED_FUNCTION = YES;
				GCC_WARN_UNUSED_VARIABLE = YES;
				IPHONEOS_DEPLOYMENT_TARGET = 16.2;
				MTL_ENABLE_DEBUG_INFO = NO;
				MTL_FAST_MATH = YES;
				SDKROOT = iphoneos;
				SWIFT_COMPILATION_MODE = wholemodule;
				SWIFT_OPTIMIZATION_LEVEL = "-O";
				VALIDATE_PRODUCT = YES;
			};
			name = Release;
		};
		55347A6C296CE51E009801A7 /* Debug */ = {
			isa = XCBuildConfiguration;
			buildSettings = {
				ALWAYS_EMBED_SWIFT_STANDARD_LIBRARIES = YES;
				ASSETCATALOG_COMPILER_APPICON_NAME = AppIcon;
				ASSETCATALOG_COMPILER_GLOBAL_ACCENT_COLOR_NAME = AccentColor;
				CODE_SIGN_ENTITLEMENTS = SwiftCal/SwiftCal.entitlements;
				CODE_SIGN_STYLE = Automatic;
				CURRENT_PROJECT_VERSION = 1;
				DEVELOPMENT_ASSET_PATHS = "\"SwiftCal/Preview Content\"";
				DEVELOPMENT_TEAM = 6JBM5ZNF6C;
				ENABLE_PREVIEWS = YES;
				GENERATE_INFOPLIST_FILE = YES;
				INFOPLIST_KEY_UIApplicationSceneManifest_Generation = YES;
				INFOPLIST_KEY_UIApplicationSupportsIndirectInputEvents = YES;
				INFOPLIST_KEY_UILaunchScreen_Generation = YES;
				INFOPLIST_KEY_UISupportedInterfaceOrientations_iPad = "UIInterfaceOrientationPortrait UIInterfaceOrientationPortraitUpsideDown UIInterfaceOrientationLandscapeLeft UIInterfaceOrientationLandscapeRight";
				INFOPLIST_KEY_UISupportedInterfaceOrientations_iPhone = "UIInterfaceOrientationPortrait UIInterfaceOrientationLandscapeLeft UIInterfaceOrientationLandscapeRight";
				LD_RUNPATH_SEARCH_PATHS = (
					"$(inherited)",
					"@executable_path/Frameworks",
				);
				MARKETING_VERSION = 1.0;
				PRODUCT_BUNDLE_IDENTIFIER = com.Swifttom.SwiftCal;
				PRODUCT_NAME = "$(TARGET_NAME)";
				SWIFT_EMIT_LOC_STRINGS = YES;
				SWIFT_VERSION = 5.0;
				TARGETED_DEVICE_FAMILY = "1,2";
			};
			name = Debug;
		};
		55347A6D296CE51E009801A7 /* Release */ = {
			isa = XCBuildConfiguration;
			buildSettings = {
				ALWAYS_EMBED_SWIFT_STANDARD_LIBRARIES = YES;
				ASSETCATALOG_COMPILER_APPICON_NAME = AppIcon;
				ASSETCATALOG_COMPILER_GLOBAL_ACCENT_COLOR_NAME = AccentColor;
				CODE_SIGN_ENTITLEMENTS = SwiftCal/SwiftCal.entitlements;
				CODE_SIGN_STYLE = Automatic;
				CURRENT_PROJECT_VERSION = 1;
				DEVELOPMENT_ASSET_PATHS = "\"SwiftCal/Preview Content\"";
				DEVELOPMENT_TEAM = 6JBM5ZNF6C;
				ENABLE_PREVIEWS = YES;
				GENERATE_INFOPLIST_FILE = YES;
				INFOPLIST_KEY_UIApplicationSceneManifest_Generation = YES;
				INFOPLIST_KEY_UIApplicationSupportsIndirectInputEvents = YES;
				INFOPLIST_KEY_UILaunchScreen_Generation = YES;
				INFOPLIST_KEY_UISupportedInterfaceOrientations_iPad = "UIInterfaceOrientationPortrait UIInterfaceOrientationPortraitUpsideDown UIInterfaceOrientationLandscapeLeft UIInterfaceOrientationLandscapeRight";
				INFOPLIST_KEY_UISupportedInterfaceOrientations_iPhone = "UIInterfaceOrientationPortrait UIInterfaceOrientationLandscapeLeft UIInterfaceOrientationLandscapeRight";
				LD_RUNPATH_SEARCH_PATHS = (
					"$(inherited)",
					"@executable_path/Frameworks",
				);
				MARKETING_VERSION = 1.0;
				PRODUCT_BUNDLE_IDENTIFIER = com.Swifttom.SwiftCal;
				PRODUCT_NAME = "$(TARGET_NAME)";
				SWIFT_EMIT_LOC_STRINGS = YES;
				SWIFT_VERSION = 5.0;
				TARGETED_DEVICE_FAMILY = "1,2";
			};
			name = Release;
		};
		55347A882970C402009801A7 /* Debug */ = {
			isa = XCBuildConfiguration;
			buildSettings = {
				ASSETCATALOG_COMPILER_GLOBAL_ACCENT_COLOR_NAME = AccentColor;
				ASSETCATALOG_COMPILER_WIDGET_BACKGROUND_COLOR_NAME = WidgetBackground;
				CODE_SIGN_ENTITLEMENTS = SwiftCalWidgetExtension.entitlements;
				CODE_SIGN_STYLE = Automatic;
				CURRENT_PROJECT_VERSION = 1;
				DEVELOPMENT_TEAM = 6JBM5ZNF6C;
				GENERATE_INFOPLIST_FILE = YES;
				INFOPLIST_FILE = SwiftCalWidget/Info.plist;
				INFOPLIST_KEY_CFBundleDisplayName = SwiftCalWidget;
				INFOPLIST_KEY_NSHumanReadableCopyright = "";
				LD_RUNPATH_SEARCH_PATHS = (
					"$(inherited)",
					"@executable_path/Frameworks",
					"@executable_path/../../Frameworks",
				);
				MARKETING_VERSION = 1.0;
				PRODUCT_BUNDLE_IDENTIFIER = com.Swifttom.SwiftCal.SwiftCalWidget;
				PRODUCT_NAME = "$(TARGET_NAME)";
				SKIP_INSTALL = YES;
				SWIFT_EMIT_LOC_STRINGS = YES;
				SWIFT_VERSION = 5.0;
				TARGETED_DEVICE_FAMILY = "1,2";
			};
			name = Debug;
		};
		55347A892970C402009801A7 /* Release */ = {
			isa = XCBuildConfiguration;
			buildSettings = {
				ASSETCATALOG_COMPILER_GLOBAL_ACCENT_COLOR_NAME = AccentColor;
				ASSETCATALOG_COMPILER_WIDGET_BACKGROUND_COLOR_NAME = WidgetBackground;
				CODE_SIGN_ENTITLEMENTS = SwiftCalWidgetExtension.entitlements;
				CODE_SIGN_STYLE = Automatic;
				CURRENT_PROJECT_VERSION = 1;
				DEVELOPMENT_TEAM = 6JBM5ZNF6C;
				GENERATE_INFOPLIST_FILE = YES;
				INFOPLIST_FILE = SwiftCalWidget/Info.plist;
				INFOPLIST_KEY_CFBundleDisplayName = SwiftCalWidget;
				INFOPLIST_KEY_NSHumanReadableCopyright = "";
				LD_RUNPATH_SEARCH_PATHS = (
					"$(inherited)",
					"@executable_path/Frameworks",
					"@executable_path/../../Frameworks",
				);
				MARKETING_VERSION = 1.0;
				PRODUCT_BUNDLE_IDENTIFIER = com.Swifttom.SwiftCal.SwiftCalWidget;
				PRODUCT_NAME = "$(TARGET_NAME)";
				SKIP_INSTALL = YES;
				SWIFT_EMIT_LOC_STRINGS = YES;
				SWIFT_VERSION = 5.0;
				TARGETED_DEVICE_FAMILY = "1,2";
			};
			name = Release;
		};
/* End XCBuildConfiguration section */

/* Begin XCConfigurationList section */
		55347A53296CE51D009801A7 /* Build configuration list for PBXProject "SwiftCal" */ = {
			isa = XCConfigurationList;
			buildConfigurations = (
				55347A69296CE51E009801A7 /* Debug */,
				55347A6A296CE51E009801A7 /* Release */,
			);
			defaultConfigurationIsVisible = 0;
			defaultConfigurationName = Release;
		};
		55347A6B296CE51E009801A7 /* Build configuration list for PBXNativeTarget "SwiftCal" */ = {
			isa = XCConfigurationList;
			buildConfigurations = (
				55347A6C296CE51E009801A7 /* Debug */,
				55347A6D296CE51E009801A7 /* Release */,
			);
			defaultConfigurationIsVisible = 0;
			defaultConfigurationName = Release;
		};
		55347A872970C402009801A7 /* Build configuration list for PBXNativeTarget "SwiftCalWidgetExtension" */ = {
			isa = XCConfigurationList;
			buildConfigurations = (
				55347A882970C402009801A7 /* Debug */,
				55347A892970C402009801A7 /* Release */,
			);
			defaultConfigurationIsVisible = 0;
			defaultConfigurationName = Release;
		};
/* End XCConfigurationList section */

/* Begin XCVersionGroup section */
		55347A66296CE51E009801A7 /* SwiftCal.xcdatamodeld */ = {
			isa = XCVersionGroup;
			children = (
				55347A67296CE51E009801A7 /* SwiftCal.xcdatamodel */,
			);
			currentVersion = 55347A67296CE51E009801A7 /* SwiftCal.xcdatamodel */;
			path = SwiftCal.xcdatamodeld;
			sourceTree = "<group>";
			versionGroupType = wrapper.xcdatamodel;
		};
/* End XCVersionGroup section */
	};
	rootObject = 55347A50296CE51D009801A7 /* Project object */;
}
